
Microsoft Visual Studio Solution File, Format Version 12.00
# Visual Studio 15
VisualStudioVersion = 15.0.28307.438
MinimumVisualStudioVersion = 10.0.40219.1
Project("{2150E333-8FDC-42A3-9474-1A3956D46DE8}") = "Application", "Application", "{C0D0E133-12A7-4D5F-BF73-A0511B5DC268}"
EndProject
Project("{2150E333-8FDC-42A3-9474-1A3956D46DE8}") = "Domain", "Domain", "{D53C3824-004A-4DF3-887E-56C2D837EE02}"
EndProject
Project("{2150E333-8FDC-42A3-9474-1A3956D46DE8}") = "Infra.IoC", "Infra.IoC", "{0BB9187C-0A30-49BF-BB92-092877F289EF}"
EndProject
Project("{2150E333-8FDC-42A3-9474-1A3956D46DE8}") = "Infra.Data", "Infra.Data", "{D8DDFB1D-D0A1-404C-9737-F0D8E4D5A467}"
EndProject
Project("{2150E333-8FDC-42A3-9474-1A3956D46DE8}") = "Presentation", "Presentation", "{A5A7BE8A-F886-4CA5-AA52-A9B87A2FFEF1}"
EndProject
Project("{9A19103F-16F7-4668-BE54-9A1E7A4F7556}") = "CleanArch.Mvc", "CleanArch.Mvc\CleanArch.Mvc.csproj", "{0A7E192D-F967-4E65-9F54-1D5EC7D94BC9}"
EndProject
Project("{FAE04EC0-301F-11D3-BF4B-00C04F79EFBC}") = "CleanArch.Domain", "CleanArch.Domain\CleanArch.Domain.csproj", "{859E2CCA-751B-44C0-A24B-32C650C8F29C}"
EndProject
Project("{FAE04EC0-301F-11D3-BF4B-00C04F79EFBC}") = "CleanArch.Infra.Data", "CleanArch.Infra.Data\CleanArch.Infra.Data.csproj", "{4FA55653-4CAE-4CD5-A6C9-034EA64EED3C}"
EndProject
Project("{FAE04EC0-301F-11D3-BF4B-00C04F79EFBC}") = "CleanArch.Application", "CleanArch.Application\CleanArch.Application.csproj", "{A62D3A98-E323-4984-A03D-0170FF225528}"
EndProject
Global
	GlobalSection(SolutionConfigurationPlatforms) = preSolution
		Debug|Any CPU = Debug|Any CPU
		Release|Any CPU = Release|Any CPU
	EndGlobalSection
	GlobalSection(ProjectConfigurationPlatforms) = postSolution
		{0A7E192D-F967-4E65-9F54-1D5EC7D94BC9}.Debug|Any CPU.ActiveCfg = Debug|Any CPU
		{0A7E192D-F967-4E65-9F54-1D5EC7D94BC9}.Debug|Any CPU.Build.0 = Debug|Any CPU
		{0A7E192D-F967-4E65-9F54-1D5EC7D94BC9}.Release|Any CPU.ActiveCfg = Release|Any CPU
		{0A7E192D-F967-4E65-9F54-1D5EC7D94BC9}.Release|Any CPU.Build.0 = Release|Any CPU
		{859E2CCA-751B-44C0-A24B-32C650C8F29C}.Debug|Any CPU.ActiveCfg = Debug|Any CPU
		{859E2CCA-751B-44C0-A24B-32C650C8F29C}.Debug|Any CPU.Build.0 = Debug|Any CPU
		{859E2CCA-751B-44C0-A24B-32C650C8F29C}.Release|Any CPU.ActiveCfg = Release|Any CPU
		{859E2CCA-751B-44C0-A24B-32C650C8F29C}.Release|Any CPU.Build.0 = Release|Any CPU
		{4FA55653-4CAE-4CD5-A6C9-034EA64EED3C}.Debug|Any CPU.ActiveCfg = Debug|Any CPU
		{4FA55653-4CAE-4CD5-A6C9-034EA64EED3C}.Debug|Any CPU.Build.0 = Debug|Any CPU
		{4FA55653-4CAE-4CD5-A6C9-034EA64EED3C}.Release|Any CPU.ActiveCfg = Release|Any CPU
		{4FA55653-4CAE-4CD5-A6C9-034EA64EED3C}.Release|Any CPU.Build.0 = Release|Any CPU
		{A62D3A98-E323-4984-A03D-0170FF225528}.Debug|Any CPU.ActiveCfg = Debug|Any CPU
		{A62D3A98-E323-4984-A03D-0170FF225528}.Debug|Any CPU.Build.0 = Debug|Any CPU
		{A62D3A98-E323-4984-A03D-0170FF225528}.Release|Any CPU.ActiveCfg = Release|Any CPU
		{A62D3A98-E323-4984-A03D-0170FF225528}.Release|Any CPU.Build.0 = Release|Any CPU
	EndGlobalSection
	GlobalSection(SolutionProperties) = preSolution
		HideSolutionNode = FALSE
	EndGlobalSection
	GlobalSection(NestedProjects) = preSolution
		{0A7E192D-F967-4E65-9F54-1D5EC7D94BC9} = {A5A7BE8A-F886-4CA5-AA52-A9B87A2FFEF1}
		{859E2CCA-751B-44C0-A24B-32C650C8F29C} = {D53C3824-004A-4DF3-887E-56C2D837EE02}
		{4FA55653-4CAE-4CD5-A6C9-034EA64EED3C} = {D8DDFB1D-D0A1-404C-9737-F0D8E4D5A467}
		{A62D3A98-E323-4984-A03D-0170FF225528} = {C0D0E133-12A7-4D5F-BF73-A0511B5DC268}
	EndGlobalSection
	GlobalSection(ExtensibilityGlobals) = postSolution
		SolutionGuid = {90F164F0-363D-45AC-AF25-B0256B48C2FF}
	EndGlobalSection
EndGlobal
